
Microsoft Visual Studio Solution File, Format Version 12.00
# Visual Studio Version 17
VisualStudioVersion = 17.13.35931.197 d17.13
MinimumVisualStudioVersion = 10.0.40219.1
Project("{FAE04EC0-301F-11D3-BF4B-00C04F79EFBC}") = "AllenamentoSQL", "AllenamentoSQL.csproj", "{D67219A7-8066-4DB3-AA02-AA2F9EB4E351}"
EndProject
Global
	GlobalSection(SolutionConfigurationPlatforms) = preSolution
		Debug|Any CPU = Debug|Any CPU
		Release|Any CPU = Release|Any CPU
	EndGlobalSection
	GlobalSection(ProjectConfigurationPlatforms) = postSolution
		{D67219A7-8066-4DB3-AA02-AA2F9EB4E351}.Debug|Any CPU.ActiveCfg = Debug|Any CPU
		{D67219A7-8066-4DB3-AA02-AA2F9EB4E351}.Debug|Any CPU.Build.0 = Debug|Any CPU
		{D67219A7-8066-4DB3-AA02-AA2F9EB4E351}.Release|Any CPU.ActiveCfg = Release|Any CPU
		{D67219A7-8066-4DB3-AA02-AA2F9EB4E351}.Release|Any CPU.Build.0 = Release|Any CPU
	EndGlobalSection
	GlobalSection(SolutionProperties) = preSolution
		HideSolutionNode = FALSE
	EndGlobalSection
	GlobalSection(ExtensibilityGlobals) = postSolution
		SolutionGuid = {69C17F1D-3DDB-4EEE-8403-E243766A6A9D}
	EndGlobalSection
EndGlobal
